
Microsoft Visual Studio Solution File, Format Version 12.00
# Visual Studio Version 17
VisualStudioVersion = 17.0.31919.166
MinimumVisualStudioVersion = 10.0.40219.1
Project("{9A19103F-16F7-4668-BE54-9A1E7A4F7556}") = "DevHopTools", "DevHopTools.csproj", "{DB45226D-00D2-46C2-BE97-3BFB5E860A38}"
EndProject
Global
	GlobalSection(SolutionConfigurationPlatforms) = preSolution
		Debug|Any CPU = Debug|Any CPU
		Release|Any CPU = Release|Any CPU
	EndGlobalSection
	GlobalSection(ProjectConfigurationPlatforms) = postSolution
		{DB45226D-00D2-46C2-BE97-3BFB5E860A38}.Debug|Any CPU.ActiveCfg = Debug|Any CPU
		{DB45226D-00D2-46C2-BE97-3BFB5E860A38}.Debug|Any CPU.Build.0 = Debug|Any CPU
		{DB45226D-00D2-46C2-BE97-3BFB5E860A38}.Release|Any CPU.ActiveCfg = Release|Any CPU
		{DB45226D-00D2-46C2-BE97-3BFB5E860A38}.Release|Any CPU.Build.0 = Release|Any CPU
	EndGlobalSection
	GlobalSection(SolutionProperties) = preSolution
		HideSolutionNode = FALSE
	EndGlobalSection
	GlobalSection(ExtensibilityGlobals) = postSolution
		SolutionGuid = {F9DC62A0-798D-43D3-87FD-6E8209D1FA79}
	EndGlobalSection
EndGlobal
